
Microsoft Visual Studio Solution File, Format Version 12.00
# Visual Studio Version 16
VisualStudioVersion = 25.0.1706.9
MinimumVisualStudioVersion = 10.0.40219.1
Project("{FAE04EC0-301F-11D3-BF4B-00C04F79EFBC}") = "FrenchieAPI", "FrenchieAPI\FrenchieAPI.csproj", "{F38B825A-804B-430B-894C-8A85AB766114}"
EndProject
Global
	GlobalSection(SolutionConfigurationPlatforms) = preSolution
		Debug|Any CPU = Debug|Any CPU
		Release|Any CPU = Release|Any CPU
	EndGlobalSection
	GlobalSection(ProjectConfigurationPlatforms) = postSolution
		{F38B825A-804B-430B-894C-8A85AB766114}.Debug|Any CPU.ActiveCfg = Debug|Any CPU
		{F38B825A-804B-430B-894C-8A85AB766114}.Debug|Any CPU.Build.0 = Debug|Any CPU
		{F38B825A-804B-430B-894C-8A85AB766114}.Release|Any CPU.ActiveCfg = Release|Any CPU
		{F38B825A-804B-430B-894C-8A85AB766114}.Release|Any CPU.Build.0 = Release|Any CPU
	EndGlobalSection
	GlobalSection(SolutionProperties) = preSolution
		HideSolutionNode = FALSE
	EndGlobalSection
	GlobalSection(ExtensibilityGlobals) = postSolution
		SolutionGuid = {FF77833B-978C-4DF1-821C-4107BF00A707}
	EndGlobalSection
EndGlobal
